
Microsoft Visual Studio Solution File, Format Version 12.00
# Visual Studio 15
VisualStudioVersion = 15.0.28307.1321
MinimumVisualStudioVersion = 10.0.40219.1
Project("{8BC9CEB8-8B4A-11D0-8D11-00A0C91BC942}") = "Framework", "Framework\Framework.vcxproj", "{7F1A372A-26B5-4923-97B4-035F4EBCC4E6}"
EndProject
Project("{8BC9CEB8-8B4A-11D0-8D11-00A0C91BC942}") = "UnitTest", "UnitTest\UnitTest.vcxproj", "{6BEAF2E2-FE40-492E-99EE-C3614D32B293}"
	ProjectSection(ProjectDependencies) = postProject
		{7F1A372A-26B5-4923-97B4-035F4EBCC4E6} = {7F1A372A-26B5-4923-97B4-035F4EBCC4E6}
	EndProjectSection
EndProject
Project("{2150E333-8FDC-42A3-9474-1A3956D46DE8}") = "_Shaders", "_Shaders", "{E6CEDDC4-166F-42B5-A1DD-AF27128EBD80}"
	ProjectSection(SolutionItems) = preProject
		..\_Shaders\06_Grid.fx = ..\_Shaders\06_Grid.fx
		..\_Shaders\06_Triangle.fx = ..\_Shaders\06_Triangle.fx
		..\_Shaders\08_Terrain.fx = ..\_Shaders\08_Terrain.fx
		..\_Shaders\09_Mesh.fx = ..\_Shaders\09_Mesh.fx
	EndProjectSection
EndProject
Global
	GlobalSection(SolutionConfigurationPlatforms) = preSolution
		Debug|x86 = Debug|x86
		Release|x86 = Release|x86
	EndGlobalSection
	GlobalSection(ProjectConfigurationPlatforms) = postSolution
		{7F1A372A-26B5-4923-97B4-035F4EBCC4E6}.Debug|x86.ActiveCfg = Debug|Win32
		{7F1A372A-26B5-4923-97B4-035F4EBCC4E6}.Debug|x86.Build.0 = Debug|Win32
		{7F1A372A-26B5-4923-97B4-035F4EBCC4E6}.Release|x86.ActiveCfg = Release|Win32
		{7F1A372A-26B5-4923-97B4-035F4EBCC4E6}.Release|x86.Build.0 = Release|Win32
		{6BEAF2E2-FE40-492E-99EE-C3614D32B293}.Debug|x86.ActiveCfg = Debug|Win32
		{6BEAF2E2-FE40-492E-99EE-C3614D32B293}.Debug|x86.Build.0 = Debug|Win32
		{6BEAF2E2-FE40-492E-99EE-C3614D32B293}.Release|x86.ActiveCfg = Release|Win32
		{6BEAF2E2-FE40-492E-99EE-C3614D32B293}.Release|x86.Build.0 = Release|Win32
	EndGlobalSection
	GlobalSection(SolutionProperties) = preSolution
		HideSolutionNode = FALSE
	EndGlobalSection
	GlobalSection(ExtensibilityGlobals) = postSolution
		SolutionGuid = {6B7E5271-A9D7-44CD-AD42-2DA09692B3A0}
	EndGlobalSection
EndGlobal
